// !$*UTF8*$!
{
	archiveVersion = 1;
	classes = {
	};
	objectVersion = 46;
	objects = {

/* Begin PBXBuildFile section */
		AB81DBA61F4D504300B6267B /* AppDelegate.swift in Sources */ = {isa = PBXBuildFile; fileRef = AB81DBA51F4D504300B6267B /* AppDelegate.swift */; };
		AB81DBA81F4D504300B6267B /* ViewController.swift in Sources */ = {isa = PBXBuildFile; fileRef = AB81DBA71F4D504300B6267B /* ViewController.swift */; };
		AB81DBAB1F4D504300B6267B /* Main.storyboard in Resources */ = {isa = PBXBuildFile; fileRef = AB81DBA91F4D504300B6267B /* Main.storyboard */; };
		AB81DBAD1F4D504300B6267B /* Assets.xcassets in Resources */ = {isa = PBXBuildFile; fileRef = AB81DBAC1F4D504300B6267B /* Assets.xcassets */; };
		AB81DBB01F4D504300B6267B /* LaunchScreen.storyboard in Resources */ = {isa = PBXBuildFile; fileRef = AB81DBAE1F4D504300B6267B /* LaunchScreen.storyboard */; };
/* End PBXBuildFile section */

/* Begin PBXFileReference section */
		AB81DBA21F4D504300B6267B /* AngerManagementApp.app */ = {isa = PBXFileReference; explicitFileType = wrapper.application; includeInIndex = 0; path = AngerManagementApp.app; sourceTree = BUILT_PRODUCTS_DIR; };
		AB81DBA51F4D504300B6267B /* AppDelegate.swift */ = {isa = PBXFileReference; lastKnownFileType = sourcecode.swift; path = AppDelegate.swift; sourceTree = "<group>"; };
		AB81DBA71F4D504300B6267B /* ViewController.swift */ = {isa = PBXFileReference; lastKnownFileType = sourcecode.swift; path = ViewController.swift; sourceTree = "<group>"; };
		AB81DBAA1F4D504300B6267B /* Base */ = {isa = PBXFileReference; lastKnownFileType = file.storyboard; name = Base; path = Base.lproj/Main.storyboard; sourceTree = "<group>"; };
		AB81DBAC1F4D504300B6267B /* Assets.xcassets */ = {isa = PBXFileReference; lastKnownFileType = folder.assetcatalog; path = Assets.xcassets; sourceTree = "<group>"; };
		AB81DBAF1F4D504300B6267B /* Base */ = {isa = PBXFileReference; lastKnownFileType = file.storyboard; name = Base; path = Base.lproj/LaunchScreen.storyboard; sourceTree = "<group>"; };
		AB81DBB11F4D504300B6267B /* Info.plist */ = {isa = PBXFileReference; lastKnownFileType = text.plist.xml; path = Info.plist; sourceTree = "<group>"; };
/* End PBXFileReference section */

/* Begin PBXFrameworksBuildPhase section */
		AB81DB9F1F4D504300B6267B /* Frameworks */ = {
			isa = PBXFrameworksBuildPhase;
			buildActionMask = 2147483647;
			files = (
			);
			runOnlyForDeploymentPostprocessing = 0;
		};
/* End PBXFrameworksBuildPhase section */

/* Begin PBXGroup section */
		AB81DB991F4D504300B6267B = {
			isa = PBXGroup;
			children = (
				AB81DBA41F4D504300B6267B /* AngerManagementApp */,
				AB81DBA31F4D504300B6267B /* Products */,
			);
			sourceTree = "<group>";
		};
		AB81DBA31F4D504300B6267B /* Products */ = {
			isa = PBXGroup;
			children = (
				AB81DBA21F4D504300B6267B /* AngerManagementApp.app */,
			);
			name = Products;
			sourceTree = "<group>";
		};
		AB81DBA41F4D504300B6267B /* AngerManagementApp */ = {
			isa = PBXGroup;
			children = (
				AB81DBA51F4D504300B6267B /* AppDelegate.swift */,
				AB81DBA71F4D504300B6267B /* ViewController.swift */,
				AB81DBA91F4D504300B6267B /* Main.storyboard */,
				AB81DBAC1F4D504300B6267B /* Assets.xcassets */,
				AB81DBAE1F4D504300B6267B /* LaunchScreen.storyboard */,
				AB81DBB11F4D504300B6267B /* Info.plist */,
			);
			path = AngerManagementApp;
			sourceTree = "<group>";
		};
/* End PBXGroup section */

/* Begin PBXNativeTarget section */
		AB81DBA11F4D504300B6267B /* AngerManagementApp */ = {
			isa = PBXNativeTarget;
			buildConfigurationList = AB81DBB41F4D504300B6267B /* Build configuration list for PBXNativeTarget "AngerManagementApp" */;
			buildPhases = (
				AB81DB9E1F4D504300B6267B /* Sources */,
				AB81DB9F1F4D504300B6267B /* Frameworks */,
				AB81DBA01F4D504300B6267B /* Resources */,
			);
			buildRules = (
			);
			dependencies = (
			);
			name = AngerManagementApp;
			productName = AngerManagementApp;
			productReference = AB81DBA21F4D504300B6267B /* AngerManagementApp.app */;
			productType = "com.apple.product-type.application";
		};
/* End PBXNativeTarget section */

/* Begin PBXProject section */
		AB81DB9A1F4D504300B6267B /* Project object */ = {
			isa = PBXProject;
			attributes = {
				LastSwiftUpdateCheck = 0830;
				LastUpgradeCheck = 0830;
				ORGANIZATIONNAME = nttr;
				TargetAttributes = {
					AB81DBA11F4D504300B6267B = {
						CreatedOnToolsVersion = 8.3.3;
						ProvisioningStyle = Automatic;
					};
				};
			};
			buildConfigurationList = AB81DB9D1F4D504300B6267B /* Build configuration list for PBXProject "AngerManagementApp" */;
			compatibilityVersion = "Xcode 3.2";
			developmentRegion = English;
			hasScannedForEncodings = 0;
			knownRegions = (
				en,
				Base,
			);
			mainGroup = AB81DB991F4D504300B6267B;
			productRefGroup = AB81DBA31F4D504300B6267B /* Products */;
			projectDirPath = "";
			projectRoot = "";
			targets = (
				AB81DBA11F4D504300B6267B /* AngerManagementApp */,
			);
		};
/* End PBXProject section */

/* Begin PBXResourcesBuildPhase section */
		AB81DBA01F4D504300B6267B /* Resources */ = {
			isa = PBXResourcesBuildPhase;
			buildActionMask = 2147483647;
			files = (
				AB81DBB01F4D504300B6267B /* LaunchScreen.storyboard in Resources */,
				AB81DBAD1F4D504300B6267B /* Assets.xcassets in Resources */,
				AB81DBAB1F4D504300B6267B /* Main.storyboard in Resources */,
			);
			runOnlyForDeploymentPostprocessing = 0;
		};
/* End PBXResourcesBuildPhase section */

/* Begin PBXSourcesBuildPhase section */
		AB81DB9E1F4D504300B6267B /* Sources */ = {
			isa = PBXSourcesBuildPhase;
			buildActionMask = 2147483647;
			files = (
				AB81DBA81F4D504300B6267B /* ViewController.swift in Sources */,
				AB81DBA61F4D504300B6267B /* AppDelegate.swift in Sources */,
			);
			runOnlyForDeploymentPostprocessing = 0;
		};
/* End PBXSourcesBuildPhase section */

/* Begin PBXVariantGroup section */
		AB81DBA91F4D504300B6267B /* Main.storyboard */ = {
			isa = PBXVariantGroup;
			children = (
				AB81DBAA1F4D504300B6267B /* Base */,
			);
			name = Main.storyboard;
			sourceTree = "<group>";
		};
		AB81DBAE1F4D504300B6267B /* LaunchScreen.storyboard */ = {
			isa = PBXVariantGroup;
			children = (
				AB81DBAF1F4D504300B6267B /* Base */,
			);
			name = LaunchScreen.storyboard;
			sourceTree = "<group>";
		};
/* End PBXVariantGroup section */

/* Begin XCBuildConfiguration section */
		AB81DBB21F4D504300B6267B /* Debug */ = {
			isa = XCBuildConfiguration;
			buildSettings = {
				ALWAYS_SEARCH_USER_PATHS = NO;
				CLANG_ANALYZER_NONNULL = YES;
				CLANG_ANALYZER_NUMBER_OBJECT_CONVERSION = YES_AGGRESSIVE;
				CLANG_CXX_LANGUAGE_STANDARD = "gnu++0x";
				CLANG_CXX_LIBRARY = "libc++";
				CLANG_ENABLE_MODULES = YES;
				CLANG_ENABLE_OBJC_ARC = YES;
				CLANG_WARN_BOOL_CONVERSION = YES;
				CLANG_WARN_CONSTANT_CONVERSION = YES;
				CLANG_WARN_DIRECT_OBJC_ISA_USAGE = YES_ERROR;
				CLANG_WARN_DOCUMENTATION_COMMENTS = YES;
				CLANG_WARN_EMPTY_BODY = YES;
				CLANG_WARN_ENUM_CONVERSION = YES;
				CLANG_WARN_INFINITE_RECURSION = YES;
				CLANG_WARN_INT_CONVERSION = YES;
				CLANG_WARN_OBJC_ROOT_CLASS = YES_ERROR;
				CLANG_WARN_SUSPICIOUS_MOVE = YES;
				CLANG_WARN_UNREACHABLE_CODE = YES;
				CLANG_WARN__DUPLICATE_METHOD_MATCH = YES;
				"CODE_SIGN_IDENTITY[sdk=iphoneos*]" = "iPhone Developer";
				COPY_PHASE_STRIP = NO;
				DEBUG_INFORMATION_FORMAT = dwarf;
				ENABLE_STRICT_OBJC_MSGSEND = YES;
				ENABLE_TESTABILITY = YES;
				GCC_C_LANGUAGE_STANDARD = gnu99;
				GCC_DYNAMIC_NO_PIC = NO;
				GCC_NO_COMMON_BLOCKS = YES;
				GCC_OPTIMIZATION_LEVEL = 0;
				GCC_PREPROCESSOR_DEFINITIONS = (
					"DEBUG=1",
					"$(inherited)",
				);
				GCC_WARN_64_TO_32_BIT_CONVERSION = YES;
				GCC_WARN_ABOUT_RETURN_TYPE = YES_ERROR;
				GCC_WARN_UNDECLARED_SELECTOR = YES;
				GCC_WARN_UNINITIALIZED_AUTOS = YES_AGGRESSIVE;
				GCC_WARN_UNUSED_FUNCTION = YES;
				GCC_WARN_UNUSED_VARIABLE = YES;
				IPHONEOS_DEPLOYMENT_TARGET = 10.3;
				MTL_ENABLE_DEBUG_INFO = YES;
				ONLY_ACTIVE_ARCH = YES;
				SDKROOT = iphoneos;
				SWIFT_ACTIVE_COMPILATION_CONDITIONS = DEBUG;
				SWIFT_OPTIMIZATION_LEVEL = "-Onone";
			};
			name = Debug;
		};
		AB81DBB31F4D504300B6267B /* Release */ = {
			isa = XCBuildConfiguration;
			buildSettings = {
				ALWAYS_SEARCH_USER_PATHS = NO;
				CLANG_ANALYZER_NONNULL = YES;
				CLANG_ANALYZER_NUMBER_OBJECT_CONVERSION = YES_AGGRESSIVE;
				CLANG_CXX_LANGUAGE_STANDARD = "gnu++0x";
				CLANG_CXX_LIBRARY = "libc++";
				CLANG_ENABLE_MODULES = YES;
				CLANG_ENABLE_OBJC_ARC = YES;
				CLANG_WARN_BOOL_CONVERSION = YES;
				CLANG_WARN_CONSTANT_CONVERSION = YES;
				CLANG_WARN_DIRECT_OBJC_ISA_USAGE = YES_ERROR;
				CLANG_WARN_DOCUMENTATION_COMMENTS = YES;
				CLANG_WARN_EMPTY_BODY = YES;
				CLANG_WARN_ENUM_CONVERSION = YES;
				CLANG_WARN_INFINITE_RECURSION = YES;
				CLANG_WARN_INT_CONVERSION = YES;
				CLANG_WARN_OBJC_ROOT_CLASS = YES_ERROR;
				CLANG_WARN_SUSPICIOUS_MOVE = YES;
				CLANG_WARN_UNREACHABLE_CODE = YES;
				CLANG_WARN__DUPLICATE_METHOD_MATCH = YES;
				"CODE_SIGN_IDENTITY[sdk=iphoneos*]" = "iPhone Developer";
				COPY_PHASE_STRIP = NO;
				DEBUG_INFORMATION_FORMAT = "dwarf-with-dsym";
				ENABLE_NS_ASSERTIONS = NO;
				ENABLE_STRICT_OBJC_MSGSEND = YES;
				GCC_C_LANGUAGE_STANDARD = gnu99;
				GCC_NO_COMMON_BLOCKS = YES;
				GCC_WARN_64_TO_32_BIT_CONVERSION = YES;
				GCC_WARN_ABOUT_RETURN_TYPE = YES_ERROR;
				GCC_WARN_UNDECLARED_SELECTOR = YES;
				GCC_WARN_UNINITIALIZED_AUTOS = YES_AGGRESSIVE;
				GCC_WARN_UNUSED_FUNCTION = YES;
				GCC_WARN_UNUSED_VARIABLE = YES;
				IPHONEOS_DEPLOYMENT_TARGET = 10.3;
				MTL_ENABLE_DEBUG_INFO = NO;
				SDKROOT = iphoneos;
				SWIFT_OPTIMIZATION_LEVEL = "-Owholemodule";
				VALIDATE_PRODUCT = YES;
			};
			name = Release;
		};
		AB81DBB51F4D504300B6267B /* Debug */ = {
			isa = XCBuildConfiguration;
			buildSettings = {
				ASSETCATALOG_COMPILER_APPICON_NAME = AppIcon;
				INFOPLIST_FILE = AngerManagementApp/Info.plist;
				LD_RUNPATH_SEARCH_PATHS = "$(inherited) @executable_path/Frameworks";
				PRODUCT_BUNDLE_IDENTIFIER = com.ikushima.AngerManagementApp;
				PRODUCT_NAME = "$(TARGET_NAME)";
				SWIFT_VERSION = 3.0;
			};
			name = Debug;
		};
		AB81DBB61F4D504300B6267B /* Release */ = {
			isa = XCBuildConfiguration;
			buildSettings = {
				ASSETCATALOG_COMPILER_APPICON_NAME = AppIcon;
				INFOPLIST_FILE = AngerManagementApp/Info.plist;
				LD_RUNPATH_SEARCH_PATHS = "$(inherited) @executable_path/Frameworks";
				PRODUCT_BUNDLE_IDENTIFIER = com.ikushima.AngerManagementApp;
				PRODUCT_NAME = "$(TARGET_NAME)";
				SWIFT_VERSION = 3.0;
			};
			name = Release;
		};
/* End XCBuildConfiguration section */

/* Begin XCConfigurationList section */
		AB81DB9D1F4D504300B6267B /* Build configuration list for PBXProject "AngerManagementApp" */ = {
			isa = XCConfigurationList;
			buildConfigurations = (
				AB81DBB21F4D504300B6267B /* Debug */,
				AB81DBB31F4D504300B6267B /* Release */,
			);
			defaultConfigurationIsVisible = 0;
			defaultConfigurationName = Release;
		};
		AB81DBB41F4D504300B6267B /* Build configuration list for PBXNativeTarget "AngerManagementApp" */ = {
			isa = XCConfigurationList;
			buildConfigurations = (
				AB81DBB51F4D504300B6267B /* Debug */,
				AB81DBB61F4D504300B6267B /* Release */,
			);
			defaultConfigurationIsVisible = 0;
		};
/* End XCConfigurationList section */
	};
	rootObject = AB81DB9A1F4D504300B6267B /* Project object */;
}
